
Microsoft Visual Studio Solution File, Format Version 12.00
# Visual Studio Version 17
VisualStudioVersion = 17.5.002.0
MinimumVisualStudioVersion = 10.0.40219.1
Project("{9A19103F-16F7-4668-BE54-9A1E7A4F7556}") = "Task1", "Task1\Task1.csproj", "{206F542E-7D85-40DD-BCE0-CDA53AFE068D}"
EndProject
Global
	GlobalSection(SolutionConfigurationPlatforms) = preSolution
		Debug|Any CPU = Debug|Any CPU
		Release|Any CPU = Release|Any CPU
	EndGlobalSection
	GlobalSection(ProjectConfigurationPlatforms) = postSolution
		{206F542E-7D85-40DD-BCE0-CDA53AFE068D}.Debug|Any CPU.ActiveCfg = Debug|Any CPU
		{206F542E-7D85-40DD-BCE0-CDA53AFE068D}.Debug|Any CPU.Build.0 = Debug|Any CPU
		{206F542E-7D85-40DD-BCE0-CDA53AFE068D}.Release|Any CPU.ActiveCfg = Release|Any CPU
		{206F542E-7D85-40DD-BCE0-CDA53AFE068D}.Release|Any CPU.Build.0 = Release|Any CPU
	EndGlobalSection
	GlobalSection(SolutionProperties) = preSolution
		HideSolutionNode = FALSE
	EndGlobalSection
	GlobalSection(ExtensibilityGlobals) = postSolution
		SolutionGuid = {A6DF96C9-0B3D-4F18-B646-61855A0C3151}
	EndGlobalSection
EndGlobal
